
Microsoft Visual Studio Solution File, Format Version 12.00
# Visual Studio Version 17
VisualStudioVersion = 17.14.36518.9 d17.14
MinimumVisualStudioVersion = 10.0.40219.1
Project("{FAE04EC0-301F-11D3-BF4B-00C04F79EFBC}") = "VendingKioskUI", "VendingKioskUI.csproj", "{D7B8915F-33B8-451E-84D8-2A370C347B28}"
EndProject
Global
	GlobalSection(SolutionConfigurationPlatforms) = preSolution
		Debug|Any CPU = Debug|Any CPU
		Release|Any CPU = Release|Any CPU
	EndGlobalSection
	GlobalSection(ProjectConfigurationPlatforms) = postSolution
		{D7B8915F-33B8-451E-84D8-2A370C347B28}.Debug|Any CPU.ActiveCfg = Debug|Any CPU
		{D7B8915F-33B8-451E-84D8-2A370C347B28}.Debug|Any CPU.Build.0 = Debug|Any CPU
		{D7B8915F-33B8-451E-84D8-2A370C347B28}.Release|Any CPU.ActiveCfg = Release|Any CPU
		{D7B8915F-33B8-451E-84D8-2A370C347B28}.Release|Any CPU.Build.0 = Release|Any CPU
	EndGlobalSection
	GlobalSection(SolutionProperties) = preSolution
		HideSolutionNode = FALSE
	EndGlobalSection
	GlobalSection(ExtensibilityGlobals) = postSolution
		SolutionGuid = {C47043C1-D2C2-4D58-80C6-6BA76C0C6148}
	EndGlobalSection
EndGlobal
